
Microsoft Visual Studio Solution File, Format Version 12.00
# Visual Studio Version 17
VisualStudioVersion = 17.0.31903.59
MinimumVisualStudioVersion = 10.0.40219.1
Project("{9A19103F-16F7-4668-BE54-9A1E7A4F7556}") = "FirstProject.Web", "FirstProject.Web\FirstProject.Web.csproj", "{F2C1049A-E510-4162-9E11-3133E7CF6808}"
EndProject
Project("{2150E333-8FDC-42A3-9474-1A3956D46DE8}") = "Frontend", "Frontend", "{93561A7D-D30A-4DC0-B7A0-B9F65BE49A0F}"
EndProject
Project("{2150E333-8FDC-42A3-9474-1A3956D46DE8}") = "Services", "Services", "{08854E8D-35CE-42B8-8023-0E1165AD5629}"
EndProject
Project("{9A19103F-16F7-4668-BE54-9A1E7A4F7556}") = "FirstProject.CommentsAPI", "FirstProject.CommentsAPI\FirstProject.CommentsAPI.csproj", "{149D20D7-1BA6-4915-8055-63D6990E8203}"
EndProject
Project("{9A19103F-16F7-4668-BE54-9A1E7A4F7556}") = "FirstProject.ArticlesAPI", "FirstProject.ArticlesAPI\FirstProject.ArticlesAPI.csproj", "{9DA97A90-8391-48B8-8612-2DE86F1279DB}"
EndProject
Project("{9A19103F-16F7-4668-BE54-9A1E7A4F7556}") = "FirstProject.AuthAPI", "FirstProject.AuthAPI\FirstProject.AuthAPI.csproj", "{9B7F8FCA-1AAB-4AE7-86D9-1991EF8522D5}"
EndProject
Project("{9A19103F-16F7-4668-BE54-9A1E7A4F7556}") = "FirstProject.NotificationsAPI", "FirstProject.NotificationsAPI\FirstProject.NotificationsAPI.csproj", "{F86B453E-82CB-4DFD-85D9-F15F4E2869BF}"
EndProject
Project("{9A19103F-16F7-4668-BE54-9A1E7A4F7556}") = "FirstProject.PersonalAccountsAPI", "FirstProject.PersonalAccountsAPI\FirstProject.PersonalAccountsAPI.csproj", "{BB96AF1A-E133-44B1-AB93-1CA41E9ED968}"
EndProject
Project("{9A19103F-16F7-4668-BE54-9A1E7A4F7556}") = "FirstProject.Messages", "FirstProject.Messages\FirstProject.Messages.csproj", "{C5FEA0E0-BA15-4C6D-B638-2FDDCCE9E1CA}"
EndProject
Project("{9A19103F-16F7-4668-BE54-9A1E7A4F7556}") = "FirstProject.MessageTest", "FirstProject.MessageTest\FirstProject.MessageTest.csproj", "{5DFBEF2F-ACA3-4B70-8EE9-0E067ECC1EC4}"
EndProject
Project("{2150E333-8FDC-42A3-9474-1A3956D46DE8}") = "Tests", "Tests", "{D06149F3-EA06-4BD4-95B7-7C87F3E6EB91}"
EndProject
Project("{9A19103F-16F7-4668-BE54-9A1E7A4F7556}") = "FirstProject.Tests.CommentsAPI", "FirstProject.Tests.CommentsAPI\FirstProject.Tests.CommentsAPI.csproj", "{97B47359-D229-4217-A215-0A1C006D1DC8}"
EndProject
Project("{2150E333-8FDC-42A3-9474-1A3956D46DE8}") = "Utilities", "Utilities", "{D7DDDEBC-A6ED-47BC-8638-F9AA4FCE4C4A}"
EndProject
Project("{9A19103F-16F7-4668-BE54-9A1E7A4F7556}") = "HabrParser", "HabrParser\HabrParser.csproj", "{4EB1A8BF-CA6B-4977-898F-E359B510DC02}"
EndProject
Project("{9A19103F-16F7-4668-BE54-9A1E7A4F7556}") = "OcelotConfigBuilder", "OcelotConfigBuilder\OcelotConfigBuilder.csproj", "{5985D247-BA66-4A5D-9C4A-2B040CF8BCAE}"
EndProject
Project("{FAE04EC0-301F-11D3-BF4B-00C04F79EFBC}") = "Tests.HabrParser", "Tests.HabrParser\Tests.HabrParser.csproj", "{3E96EF52-2B92-4EDA-847A-EBF947DA3567}"
EndProject
Global
	GlobalSection(SolutionConfigurationPlatforms) = preSolution
		Debug|Any CPU = Debug|Any CPU
		Release|Any CPU = Release|Any CPU
	EndGlobalSection
	GlobalSection(ProjectConfigurationPlatforms) = postSolution
		{F2C1049A-E510-4162-9E11-3133E7CF6808}.Debug|Any CPU.ActiveCfg = Debug|Any CPU
		{F2C1049A-E510-4162-9E11-3133E7CF6808}.Debug|Any CPU.Build.0 = Debug|Any CPU
		{F2C1049A-E510-4162-9E11-3133E7CF6808}.Release|Any CPU.ActiveCfg = Release|Any CPU
		{F2C1049A-E510-4162-9E11-3133E7CF6808}.Release|Any CPU.Build.0 = Release|Any CPU
		{149D20D7-1BA6-4915-8055-63D6990E8203}.Debug|Any CPU.ActiveCfg = Debug|Any CPU
		{149D20D7-1BA6-4915-8055-63D6990E8203}.Debug|Any CPU.Build.0 = Debug|Any CPU
		{149D20D7-1BA6-4915-8055-63D6990E8203}.Release|Any CPU.ActiveCfg = Release|Any CPU
		{149D20D7-1BA6-4915-8055-63D6990E8203}.Release|Any CPU.Build.0 = Release|Any CPU
		{9DA97A90-8391-48B8-8612-2DE86F1279DB}.Debug|Any CPU.ActiveCfg = Debug|Any CPU
		{9DA97A90-8391-48B8-8612-2DE86F1279DB}.Debug|Any CPU.Build.0 = Debug|Any CPU
		{9DA97A90-8391-48B8-8612-2DE86F1279DB}.Release|Any CPU.ActiveCfg = Release|Any CPU
		{9DA97A90-8391-48B8-8612-2DE86F1279DB}.Release|Any CPU.Build.0 = Release|Any CPU
		{9B7F8FCA-1AAB-4AE7-86D9-1991EF8522D5}.Debug|Any CPU.ActiveCfg = Debug|Any CPU
		{9B7F8FCA-1AAB-4AE7-86D9-1991EF8522D5}.Debug|Any CPU.Build.0 = Debug|Any CPU
		{9B7F8FCA-1AAB-4AE7-86D9-1991EF8522D5}.Release|Any CPU.ActiveCfg = Release|Any CPU
		{9B7F8FCA-1AAB-4AE7-86D9-1991EF8522D5}.Release|Any CPU.Build.0 = Release|Any CPU
		{F86B453E-82CB-4DFD-85D9-F15F4E2869BF}.Debug|Any CPU.ActiveCfg = Debug|Any CPU
		{F86B453E-82CB-4DFD-85D9-F15F4E2869BF}.Debug|Any CPU.Build.0 = Debug|Any CPU
		{F86B453E-82CB-4DFD-85D9-F15F4E2869BF}.Release|Any CPU.ActiveCfg = Release|Any CPU
		{F86B453E-82CB-4DFD-85D9-F15F4E2869BF}.Release|Any CPU.Build.0 = Release|Any CPU
		{BB96AF1A-E133-44B1-AB93-1CA41E9ED968}.Debug|Any CPU.ActiveCfg = Debug|Any CPU
		{BB96AF1A-E133-44B1-AB93-1CA41E9ED968}.Debug|Any CPU.Build.0 = Debug|Any CPU
		{BB96AF1A-E133-44B1-AB93-1CA41E9ED968}.Release|Any CPU.ActiveCfg = Release|Any CPU
		{BB96AF1A-E133-44B1-AB93-1CA41E9ED968}.Release|Any CPU.Build.0 = Release|Any CPU
		{C5FEA0E0-BA15-4C6D-B638-2FDDCCE9E1CA}.Debug|Any CPU.ActiveCfg = Debug|Any CPU
		{C5FEA0E0-BA15-4C6D-B638-2FDDCCE9E1CA}.Debug|Any CPU.Build.0 = Debug|Any CPU
		{C5FEA0E0-BA15-4C6D-B638-2FDDCCE9E1CA}.Release|Any CPU.ActiveCfg = Release|Any CPU
		{C5FEA0E0-BA15-4C6D-B638-2FDDCCE9E1CA}.Release|Any CPU.Build.0 = Release|Any CPU
		{5DFBEF2F-ACA3-4B70-8EE9-0E067ECC1EC4}.Debug|Any CPU.ActiveCfg = Debug|Any CPU
		{5DFBEF2F-ACA3-4B70-8EE9-0E067ECC1EC4}.Debug|Any CPU.Build.0 = Debug|Any CPU
		{5DFBEF2F-ACA3-4B70-8EE9-0E067ECC1EC4}.Release|Any CPU.ActiveCfg = Release|Any CPU
		{5DFBEF2F-ACA3-4B70-8EE9-0E067ECC1EC4}.Release|Any CPU.Build.0 = Release|Any CPU
		{97B47359-D229-4217-A215-0A1C006D1DC8}.Debug|Any CPU.ActiveCfg = Debug|Any CPU
		{97B47359-D229-4217-A215-0A1C006D1DC8}.Debug|Any CPU.Build.0 = Debug|Any CPU
		{97B47359-D229-4217-A215-0A1C006D1DC8}.Release|Any CPU.ActiveCfg = Release|Any CPU
		{97B47359-D229-4217-A215-0A1C006D1DC8}.Release|Any CPU.Build.0 = Release|Any CPU
		{4EB1A8BF-CA6B-4977-898F-E359B510DC02}.Debug|Any CPU.ActiveCfg = Debug|Any CPU
		{4EB1A8BF-CA6B-4977-898F-E359B510DC02}.Debug|Any CPU.Build.0 = Debug|Any CPU
		{4EB1A8BF-CA6B-4977-898F-E359B510DC02}.Release|Any CPU.ActiveCfg = Release|Any CPU
		{4EB1A8BF-CA6B-4977-898F-E359B510DC02}.Release|Any CPU.Build.0 = Release|Any CPU
		{5985D247-BA66-4A5D-9C4A-2B040CF8BCAE}.Debug|Any CPU.ActiveCfg = Debug|Any CPU
		{5985D247-BA66-4A5D-9C4A-2B040CF8BCAE}.Debug|Any CPU.Build.0 = Debug|Any CPU
		{5985D247-BA66-4A5D-9C4A-2B040CF8BCAE}.Release|Any CPU.ActiveCfg = Release|Any CPU
		{5985D247-BA66-4A5D-9C4A-2B040CF8BCAE}.Release|Any CPU.Build.0 = Release|Any CPU
		{3E96EF52-2B92-4EDA-847A-EBF947DA3567}.Debug|Any CPU.ActiveCfg = Debug|Any CPU
		{3E96EF52-2B92-4EDA-847A-EBF947DA3567}.Debug|Any CPU.Build.0 = Debug|Any CPU
		{3E96EF52-2B92-4EDA-847A-EBF947DA3567}.Release|Any CPU.ActiveCfg = Release|Any CPU
		{3E96EF52-2B92-4EDA-847A-EBF947DA3567}.Release|Any CPU.Build.0 = Release|Any CPU
	EndGlobalSection
	GlobalSection(SolutionProperties) = preSolution
		HideSolutionNode = FALSE
	EndGlobalSection
	GlobalSection(NestedProjects) = preSolution
		{F2C1049A-E510-4162-9E11-3133E7CF6808} = {93561A7D-D30A-4DC0-B7A0-B9F65BE49A0F}
		{149D20D7-1BA6-4915-8055-63D6990E8203} = {08854E8D-35CE-42B8-8023-0E1165AD5629}
		{9DA97A90-8391-48B8-8612-2DE86F1279DB} = {08854E8D-35CE-42B8-8023-0E1165AD5629}
		{9B7F8FCA-1AAB-4AE7-86D9-1991EF8522D5} = {08854E8D-35CE-42B8-8023-0E1165AD5629}
		{F86B453E-82CB-4DFD-85D9-F15F4E2869BF} = {08854E8D-35CE-42B8-8023-0E1165AD5629}
		{BB96AF1A-E133-44B1-AB93-1CA41E9ED968} = {08854E8D-35CE-42B8-8023-0E1165AD5629}
		{C5FEA0E0-BA15-4C6D-B638-2FDDCCE9E1CA} = {08854E8D-35CE-42B8-8023-0E1165AD5629}
		{5DFBEF2F-ACA3-4B70-8EE9-0E067ECC1EC4} = {08854E8D-35CE-42B8-8023-0E1165AD5629}
		{97B47359-D229-4217-A215-0A1C006D1DC8} = {D06149F3-EA06-4BD4-95B7-7C87F3E6EB91}
		{4EB1A8BF-CA6B-4977-898F-E359B510DC02} = {D7DDDEBC-A6ED-47BC-8638-F9AA4FCE4C4A}
		{5985D247-BA66-4A5D-9C4A-2B040CF8BCAE} = {D7DDDEBC-A6ED-47BC-8638-F9AA4FCE4C4A}
		{3E96EF52-2B92-4EDA-847A-EBF947DA3567} = {D7DDDEBC-A6ED-47BC-8638-F9AA4FCE4C4A}
	EndGlobalSection
	GlobalSection(ExtensibilityGlobals) = postSolution
		SolutionGuid = {960C6F74-5EED-4071-B033-C606146CBE7D}
	EndGlobalSection
EndGlobal
