
Microsoft Visual Studio Solution File, Format Version 12.00
# Visual Studio Version 17
VisualStudioVersion = 17.3.32922.545
MinimumVisualStudioVersion = 10.0.40219.1
Project("{2150E333-8FDC-42A3-9474-1A3956D46DE8}") = "Frontend", "Frontend", "{9242461F-D3F6-4D58-8A41-0C1BEE0C5D04}"
EndProject
Project("{FAE04EC0-301F-11D3-BF4B-00C04F79EFBC}") = "FirstProject.Web", "FirstProject.Web\FirstProject.Web.csproj", "{F0B098B5-F8E2-4A2D-8AE0-BDF2539A8FC9}"
EndProject
Project("{2150E333-8FDC-42A3-9474-1A3956D46DE8}") = "Services", "Services", "{EBC51057-8DCE-4AE0-B995-1C630015B007}"
EndProject
Project("{FAE04EC0-301F-11D3-BF4B-00C04F79EFBC}") = "FirstProject.ArticleAPI", "FirstProject.ArticleAPI\FirstProject.ArticleAPI.csproj", "{4D32C2D7-14C1-4438-8381-AE66ED1D7A83}"
EndProject
Global
	GlobalSection(SolutionConfigurationPlatforms) = preSolution
		Debug|Any CPU = Debug|Any CPU
		Release|Any CPU = Release|Any CPU
	EndGlobalSection
	GlobalSection(ProjectConfigurationPlatforms) = postSolution
		{F0B098B5-F8E2-4A2D-8AE0-BDF2539A8FC9}.Debug|Any CPU.ActiveCfg = Debug|Any CPU
		{F0B098B5-F8E2-4A2D-8AE0-BDF2539A8FC9}.Debug|Any CPU.Build.0 = Debug|Any CPU
		{F0B098B5-F8E2-4A2D-8AE0-BDF2539A8FC9}.Release|Any CPU.ActiveCfg = Release|Any CPU
		{F0B098B5-F8E2-4A2D-8AE0-BDF2539A8FC9}.Release|Any CPU.Build.0 = Release|Any CPU
		{4D32C2D7-14C1-4438-8381-AE66ED1D7A83}.Debug|Any CPU.ActiveCfg = Debug|Any CPU
		{4D32C2D7-14C1-4438-8381-AE66ED1D7A83}.Debug|Any CPU.Build.0 = Debug|Any CPU
		{4D32C2D7-14C1-4438-8381-AE66ED1D7A83}.Release|Any CPU.ActiveCfg = Release|Any CPU
		{4D32C2D7-14C1-4438-8381-AE66ED1D7A83}.Release|Any CPU.Build.0 = Release|Any CPU
	EndGlobalSection
	GlobalSection(SolutionProperties) = preSolution
		HideSolutionNode = FALSE
	EndGlobalSection
	GlobalSection(NestedProjects) = preSolution
		{F0B098B5-F8E2-4A2D-8AE0-BDF2539A8FC9} = {9242461F-D3F6-4D58-8A41-0C1BEE0C5D04}
		{4D32C2D7-14C1-4438-8381-AE66ED1D7A83} = {EBC51057-8DCE-4AE0-B995-1C630015B007}
	EndGlobalSection
	GlobalSection(ExtensibilityGlobals) = postSolution
		SolutionGuid = {E3CFAF71-8DCA-4D8C-B158-6D5F07244797}
	EndGlobalSection
EndGlobal
