
Microsoft Visual Studio Solution File, Format Version 12.00
# Visual Studio Version 17
VisualStudioVersion = 17.0.31903.59
MinimumVisualStudioVersion = 10.0.40219.1
Project("{9A19103F-16F7-4668-BE54-9A1E7A4F7556}") = "FirstProject.Web", "FirstProject.Web\FirstProject.Web.csproj", "{F2C1049A-E510-4162-9E11-3133E7CF6808}"
EndProject
Project("{2150E333-8FDC-42A3-9474-1A3956D46DE8}") = "Frontend", "Frontend", "{93561A7D-D30A-4DC0-B7A0-B9F65BE49A0F}"
EndProject
Project("{2150E333-8FDC-42A3-9474-1A3956D46DE8}") = "MainService", "MainService", "{9EB433B2-B959-4109-9EE3-10C9EEB7029F}"
EndProject
Project("{9A19103F-16F7-4668-BE54-9A1E7A4F7556}") = "FirstProject.HubsAPI", "FirstProject.HubsAPI\FirstProject.HubsAPI.csproj", "{72BBBC17-650E-4C8B-8E8C-847A1EA421EB}"
EndProject
Project("{2150E333-8FDC-42A3-9474-1A3956D46DE8}") = "Services", "Services", "{08854E8D-35CE-42B8-8023-0E1165AD5629}"
EndProject
Project("{9A19103F-16F7-4668-BE54-9A1E7A4F7556}") = "FirstProject.CommentsAPI", "FirstProject.CommentsAPI\FirstProject.CommentsAPI.csproj", "{149D20D7-1BA6-4915-8055-63D6990E8203}"
EndProject
Project("{9A19103F-16F7-4668-BE54-9A1E7A4F7556}") = "FirstProject.ArticlesAPI", "FirstProject.ArticlesAPI\FirstProject.ArticlesAPI.csproj", "{9DA97A90-8391-48B8-8612-2DE86F1279DB}"
EndProject
Project("{9A19103F-16F7-4668-BE54-9A1E7A4F7556}") = "FirstProject.AuthAPI", "FirstProject.AuthAPI\FirstProject.AuthAPI.csproj", "{9B7F8FCA-1AAB-4AE7-86D9-1991EF8522D5}"
EndProject
Project("{9A19103F-16F7-4668-BE54-9A1E7A4F7556}") = "FirstProject.NotificationsAPI", "FirstProject.NotificationsAPI\FirstProject.NotificationsAPI.csproj", "{F86B453E-82CB-4DFD-85D9-F15F4E2869BF}"
EndProject
Project("{9A19103F-16F7-4668-BE54-9A1E7A4F7556}") = "FirstProject.PersonalAccountsAPI", "FirstProject.PersonalAccountsAPI\FirstProject.PersonalAccountsAPI.csproj", "{BB96AF1A-E133-44B1-AB93-1CA41E9ED968}"
EndProject
Project("{9A19103F-16F7-4668-BE54-9A1E7A4F7556}") = "FirstProject.Messages", "FirstProject.Messages\FirstProject.Messages.csproj", "{C5FEA0E0-BA15-4C6D-B638-2FDDCCE9E1CA}"
EndProject
Project("{9A19103F-16F7-4668-BE54-9A1E7A4F7556}") = "FirstProject.MessageTest", "FirstProject.MessageTest\FirstProject.MessageTest.csproj", "{5DFBEF2F-ACA3-4B70-8EE9-0E067ECC1EC4}"
EndProject
Project("{9A19103F-16F7-4668-BE54-9A1E7A4F7556}") = "WebJarJwt", "WebJarJwt\WebJarJwt.csproj", "{6FF5F625-33FA-4935-B812-B28A2EE2CA70}"
EndProject
Project("{9A19103F-16F7-4668-BE54-9A1E7A4F7556}") = "Duende.AccessTokenManagement", "src\Duende.AccessTokenManagement\Duende.AccessTokenManagement.csproj", "{DBB36809-831D-402D-AE32-8838C784A9ED}"
EndProject
Project("{9A19103F-16F7-4668-BE54-9A1E7A4F7556}") = "Duende.AccessTokenManagement.OpenIdConnect", "src\Duende.AccessTokenManagement.OpenIdConnect\Duende.AccessTokenManagement.OpenIdConnect.csproj", "{78F31009-AC2A-4F0A-9802-F064A3368163}"
EndProject
Global
	GlobalSection(SolutionConfigurationPlatforms) = preSolution
		Debug|Any CPU = Debug|Any CPU
		Release|Any CPU = Release|Any CPU
	EndGlobalSection
	GlobalSection(ProjectConfigurationPlatforms) = postSolution
		{F2C1049A-E510-4162-9E11-3133E7CF6808}.Debug|Any CPU.ActiveCfg = Debug|Any CPU
		{F2C1049A-E510-4162-9E11-3133E7CF6808}.Debug|Any CPU.Build.0 = Debug|Any CPU
		{F2C1049A-E510-4162-9E11-3133E7CF6808}.Release|Any CPU.ActiveCfg = Release|Any CPU
		{F2C1049A-E510-4162-9E11-3133E7CF6808}.Release|Any CPU.Build.0 = Release|Any CPU
		{72BBBC17-650E-4C8B-8E8C-847A1EA421EB}.Debug|Any CPU.ActiveCfg = Debug|Any CPU
		{72BBBC17-650E-4C8B-8E8C-847A1EA421EB}.Debug|Any CPU.Build.0 = Debug|Any CPU
		{72BBBC17-650E-4C8B-8E8C-847A1EA421EB}.Release|Any CPU.ActiveCfg = Release|Any CPU
		{72BBBC17-650E-4C8B-8E8C-847A1EA421EB}.Release|Any CPU.Build.0 = Release|Any CPU
		{149D20D7-1BA6-4915-8055-63D6990E8203}.Debug|Any CPU.ActiveCfg = Debug|Any CPU
		{149D20D7-1BA6-4915-8055-63D6990E8203}.Debug|Any CPU.Build.0 = Debug|Any CPU
		{149D20D7-1BA6-4915-8055-63D6990E8203}.Release|Any CPU.ActiveCfg = Release|Any CPU
		{149D20D7-1BA6-4915-8055-63D6990E8203}.Release|Any CPU.Build.0 = Release|Any CPU
		{9DA97A90-8391-48B8-8612-2DE86F1279DB}.Debug|Any CPU.ActiveCfg = Debug|Any CPU
		{9DA97A90-8391-48B8-8612-2DE86F1279DB}.Debug|Any CPU.Build.0 = Debug|Any CPU
		{9DA97A90-8391-48B8-8612-2DE86F1279DB}.Release|Any CPU.ActiveCfg = Release|Any CPU
		{9DA97A90-8391-48B8-8612-2DE86F1279DB}.Release|Any CPU.Build.0 = Release|Any CPU
		{9B7F8FCA-1AAB-4AE7-86D9-1991EF8522D5}.Debug|Any CPU.ActiveCfg = Debug|Any CPU
		{9B7F8FCA-1AAB-4AE7-86D9-1991EF8522D5}.Debug|Any CPU.Build.0 = Debug|Any CPU
		{9B7F8FCA-1AAB-4AE7-86D9-1991EF8522D5}.Release|Any CPU.ActiveCfg = Release|Any CPU
		{9B7F8FCA-1AAB-4AE7-86D9-1991EF8522D5}.Release|Any CPU.Build.0 = Release|Any CPU
		{F86B453E-82CB-4DFD-85D9-F15F4E2869BF}.Debug|Any CPU.ActiveCfg = Debug|Any CPU
		{F86B453E-82CB-4DFD-85D9-F15F4E2869BF}.Debug|Any CPU.Build.0 = Debug|Any CPU
		{F86B453E-82CB-4DFD-85D9-F15F4E2869BF}.Release|Any CPU.ActiveCfg = Release|Any CPU
		{F86B453E-82CB-4DFD-85D9-F15F4E2869BF}.Release|Any CPU.Build.0 = Release|Any CPU
		{BB96AF1A-E133-44B1-AB93-1CA41E9ED968}.Debug|Any CPU.ActiveCfg = Debug|Any CPU
		{BB96AF1A-E133-44B1-AB93-1CA41E9ED968}.Debug|Any CPU.Build.0 = Debug|Any CPU
		{BB96AF1A-E133-44B1-AB93-1CA41E9ED968}.Release|Any CPU.ActiveCfg = Release|Any CPU
		{BB96AF1A-E133-44B1-AB93-1CA41E9ED968}.Release|Any CPU.Build.0 = Release|Any CPU
		{C5FEA0E0-BA15-4C6D-B638-2FDDCCE9E1CA}.Debug|Any CPU.ActiveCfg = Debug|Any CPU
		{C5FEA0E0-BA15-4C6D-B638-2FDDCCE9E1CA}.Debug|Any CPU.Build.0 = Debug|Any CPU
		{C5FEA0E0-BA15-4C6D-B638-2FDDCCE9E1CA}.Release|Any CPU.ActiveCfg = Release|Any CPU
		{C5FEA0E0-BA15-4C6D-B638-2FDDCCE9E1CA}.Release|Any CPU.Build.0 = Release|Any CPU
		{5DFBEF2F-ACA3-4B70-8EE9-0E067ECC1EC4}.Debug|Any CPU.ActiveCfg = Debug|Any CPU
		{5DFBEF2F-ACA3-4B70-8EE9-0E067ECC1EC4}.Debug|Any CPU.Build.0 = Debug|Any CPU
		{5DFBEF2F-ACA3-4B70-8EE9-0E067ECC1EC4}.Release|Any CPU.ActiveCfg = Release|Any CPU
		{5DFBEF2F-ACA3-4B70-8EE9-0E067ECC1EC4}.Release|Any CPU.Build.0 = Release|Any CPU
		{6FF5F625-33FA-4935-B812-B28A2EE2CA70}.Debug|Any CPU.ActiveCfg = Debug|Any CPU
		{6FF5F625-33FA-4935-B812-B28A2EE2CA70}.Debug|Any CPU.Build.0 = Debug|Any CPU
		{6FF5F625-33FA-4935-B812-B28A2EE2CA70}.Release|Any CPU.ActiveCfg = Release|Any CPU
		{6FF5F625-33FA-4935-B812-B28A2EE2CA70}.Release|Any CPU.Build.0 = Release|Any CPU
		{DBB36809-831D-402D-AE32-8838C784A9ED}.Debug|Any CPU.ActiveCfg = Debug|Any CPU
		{DBB36809-831D-402D-AE32-8838C784A9ED}.Debug|Any CPU.Build.0 = Debug|Any CPU
		{DBB36809-831D-402D-AE32-8838C784A9ED}.Release|Any CPU.ActiveCfg = Release|Any CPU
		{DBB36809-831D-402D-AE32-8838C784A9ED}.Release|Any CPU.Build.0 = Release|Any CPU
		{78F31009-AC2A-4F0A-9802-F064A3368163}.Debug|Any CPU.ActiveCfg = Debug|Any CPU
		{78F31009-AC2A-4F0A-9802-F064A3368163}.Debug|Any CPU.Build.0 = Debug|Any CPU
		{78F31009-AC2A-4F0A-9802-F064A3368163}.Release|Any CPU.ActiveCfg = Release|Any CPU
		{78F31009-AC2A-4F0A-9802-F064A3368163}.Release|Any CPU.Build.0 = Release|Any CPU
	EndGlobalSection
	GlobalSection(SolutionProperties) = preSolution
		HideSolutionNode = FALSE
	EndGlobalSection
	GlobalSection(NestedProjects) = preSolution
		{F2C1049A-E510-4162-9E11-3133E7CF6808} = {93561A7D-D30A-4DC0-B7A0-B9F65BE49A0F}
		{72BBBC17-650E-4C8B-8E8C-847A1EA421EB} = {9EB433B2-B959-4109-9EE3-10C9EEB7029F}
		{149D20D7-1BA6-4915-8055-63D6990E8203} = {08854E8D-35CE-42B8-8023-0E1165AD5629}
		{9DA97A90-8391-48B8-8612-2DE86F1279DB} = {08854E8D-35CE-42B8-8023-0E1165AD5629}
		{9B7F8FCA-1AAB-4AE7-86D9-1991EF8522D5} = {08854E8D-35CE-42B8-8023-0E1165AD5629}
		{F86B453E-82CB-4DFD-85D9-F15F4E2869BF} = {08854E8D-35CE-42B8-8023-0E1165AD5629}
		{BB96AF1A-E133-44B1-AB93-1CA41E9ED968} = {08854E8D-35CE-42B8-8023-0E1165AD5629}
		{C5FEA0E0-BA15-4C6D-B638-2FDDCCE9E1CA} = {08854E8D-35CE-42B8-8023-0E1165AD5629}
		{5DFBEF2F-ACA3-4B70-8EE9-0E067ECC1EC4} = {08854E8D-35CE-42B8-8023-0E1165AD5629}
	EndGlobalSection
	GlobalSection(ExtensibilityGlobals) = postSolution
		SolutionGuid = {960C6F74-5EED-4071-B033-C606146CBE7D}
	EndGlobalSection
EndGlobal
